
Microsoft Visual Studio Solution File, Format Version 12.00
# Visual Studio Version 17
VisualStudioVersion = 17.4.33103.184
MinimumVisualStudioVersion = 10.0.40219.1
Project("{9A19103F-16F7-4668-BE54-9A1E7A4F7556}") = "PlatformService", "PlatformService\PlatformService.csproj", "{1B729E3B-152B-4BB4-8922-C8A21A8BEB14}"
EndProject
Project("{FAE04EC0-301F-11D3-BF4B-00C04F79EFBC}") = "CommandsService", "CommandsService\CommandsService.csproj", "{225B4D2B-DF3D-472D-A4C0-7E0AD594BA2C}"
EndProject
Global
	GlobalSection(SolutionConfigurationPlatforms) = preSolution
		Debug|Any CPU = Debug|Any CPU
		Release|Any CPU = Release|Any CPU
	EndGlobalSection
	GlobalSection(ProjectConfigurationPlatforms) = postSolution
		{1B729E3B-152B-4BB4-8922-C8A21A8BEB14}.Debug|Any CPU.ActiveCfg = Debug|Any CPU
		{1B729E3B-152B-4BB4-8922-C8A21A8BEB14}.Debug|Any CPU.Build.0 = Debug|Any CPU
		{1B729E3B-152B-4BB4-8922-C8A21A8BEB14}.Release|Any CPU.ActiveCfg = Release|Any CPU
		{1B729E3B-152B-4BB4-8922-C8A21A8BEB14}.Release|Any CPU.Build.0 = Release|Any CPU
		{225B4D2B-DF3D-472D-A4C0-7E0AD594BA2C}.Debug|Any CPU.ActiveCfg = Debug|Any CPU
		{225B4D2B-DF3D-472D-A4C0-7E0AD594BA2C}.Debug|Any CPU.Build.0 = Debug|Any CPU
		{225B4D2B-DF3D-472D-A4C0-7E0AD594BA2C}.Release|Any CPU.ActiveCfg = Release|Any CPU
		{225B4D2B-DF3D-472D-A4C0-7E0AD594BA2C}.Release|Any CPU.Build.0 = Release|Any CPU
	EndGlobalSection
	GlobalSection(SolutionProperties) = preSolution
		HideSolutionNode = FALSE
	EndGlobalSection
	GlobalSection(ExtensibilityGlobals) = postSolution
		SolutionGuid = {F950FC0E-0F54-4907-B56A-63E7A014163A}
	EndGlobalSection
EndGlobal
